// !$*UTF8*$!
{
	archiveVersion = 1;
	classes = {
	};
	objectVersion = 55;
	objects = {

/* Begin PBXBuildFile section */
		6DE14F332C56C72900708EAD /* AppDelegate.swift in Sources */ = {isa = PBXBuildFile; fileRef = 6DE14F322C56C72900708EAD /* AppDelegate.swift */; };
		6DE14F352C56C72900708EAD /* SceneDelegate.swift in Sources */ = {isa = PBXBuildFile; fileRef = 6DE14F342C56C72900708EAD /* SceneDelegate.swift */; };
		6DE14F3A2C56C72900708EAD /* Main.storyboard in Resources */ = {isa = PBXBuildFile; fileRef = 6DE14F382C56C72900708EAD /* Main.storyboard */; };
		6DE14F3C2C56C72D00708EAD /* Assets.xcassets in Resources */ = {isa = PBXBuildFile; fileRef = 6DE14F3B2C56C72D00708EAD /* Assets.xcassets */; };
		6DE14F3F2C56C72D00708EAD /* LaunchScreen.storyboard in Resources */ = {isa = PBXBuildFile; fileRef = 6DE14F3D2C56C72D00708EAD /* LaunchScreen.storyboard */; };
		6DE14F4A2C56CA3800708EAD /* airportRepository.swift in Sources */ = {isa = PBXBuildFile; fileRef = 6DE14F492C56CA3800708EAD /* airportRepository.swift */; };
		6DE14F4E2C56CA6600708EAD /* Airport.swift in Sources */ = {isa = PBXBuildFile; fileRef = 6DE14F4D2C56CA6600708EAD /* Airport.swift */; };
		6DE14F522C56CA9D00708EAD /* API endpoints.swift in Sources */ = {isa = PBXBuildFile; fileRef = 6DE14F512C56CA9D00708EAD /* API endpoints.swift */; };
		6DE14F552C56CABF00708EAD /* APIClient.swift in Sources */ = {isa = PBXBuildFile; fileRef = 6DE14F542C56CABF00708EAD /* APIClient.swift */; };
		6DE14F582C56CDD900708EAD /* ViewController.swift in Sources */ = {isa = PBXBuildFile; fileRef = 6DE14F572C56CDD900708EAD /* ViewController.swift */; };
/* End PBXBuildFile section */

/* Begin PBXFileReference section */
		6DE14F2F2C56C72900708EAD /* api passing.app */ = {isa = PBXFileReference; explicitFileType = wrapper.application; includeInIndex = 0; path = "api passing.app"; sourceTree = BUILT_PRODUCTS_DIR; };
		6DE14F322C56C72900708EAD /* AppDelegate.swift */ = {isa = PBXFileReference; lastKnownFileType = sourcecode.swift; path = AppDelegate.swift; sourceTree = "<group>"; };
		6DE14F342C56C72900708EAD /* SceneDelegate.swift */ = {isa = PBXFileReference; lastKnownFileType = sourcecode.swift; path = SceneDelegate.swift; sourceTree = "<group>"; };
		6DE14F392C56C72900708EAD /* Base */ = {isa = PBXFileReference; lastKnownFileType = file.storyboard; name = Base; path = Base.lproj/Main.storyboard; sourceTree = "<group>"; };
		6DE14F3B2C56C72D00708EAD /* Assets.xcassets */ = {isa = PBXFileReference; lastKnownFileType = folder.assetcatalog; path = Assets.xcassets; sourceTree = "<group>"; };
		6DE14F3E2C56C72D00708EAD /* Base */ = {isa = PBXFileReference; lastKnownFileType = file.storyboard; name = Base; path = Base.lproj/LaunchScreen.storyboard; sourceTree = "<group>"; };
		6DE14F402C56C72D00708EAD /* Info.plist */ = {isa = PBXFileReference; lastKnownFileType = text.plist.xml; path = Info.plist; sourceTree = "<group>"; };
		6DE14F492C56CA3800708EAD /* airportRepository.swift */ = {isa = PBXFileReference; lastKnownFileType = sourcecode.swift; path = airportRepository.swift; sourceTree = "<group>"; };
		6DE14F4D2C56CA6600708EAD /* Airport.swift */ = {isa = PBXFileReference; lastKnownFileType = sourcecode.swift; path = Airport.swift; sourceTree = "<group>"; };
		6DE14F512C56CA9D00708EAD /* API endpoints.swift */ = {isa = PBXFileReference; lastKnownFileType = sourcecode.swift; path = "API endpoints.swift"; sourceTree = "<group>"; };
		6DE14F542C56CABF00708EAD /* APIClient.swift */ = {isa = PBXFileReference; lastKnownFileType = sourcecode.swift; path = APIClient.swift; sourceTree = "<group>"; };
		6DE14F572C56CDD900708EAD /* ViewController.swift */ = {isa = PBXFileReference; lastKnownFileType = sourcecode.swift; path = ViewController.swift; sourceTree = "<group>"; };
/* End PBXFileReference section */

/* Begin PBXFrameworksBuildPhase section */
		6DE14F2C2C56C72900708EAD /* Frameworks */ = {
			isa = PBXFrameworksBuildPhase;
			buildActionMask = 2147483647;
			files = (
			);
			runOnlyForDeploymentPostprocessing = 0;
		};
/* End PBXFrameworksBuildPhase section */

/* Begin PBXGroup section */
		6DE14F262C56C72900708EAD = {
			isa = PBXGroup;
			children = (
				6DE14F312C56C72900708EAD /* api passing */,
				6DE14F302C56C72900708EAD /* Products */,
			);
			sourceTree = "<group>";
		};
		6DE14F302C56C72900708EAD /* Products */ = {
			isa = PBXGroup;
			children = (
				6DE14F2F2C56C72900708EAD /* api passing.app */,
			);
			name = Products;
			sourceTree = "<group>";
		};
		6DE14F312C56C72900708EAD /* api passing */ = {
			isa = PBXGroup;
			children = (
				6DE14F322C56C72900708EAD /* AppDelegate.swift */,
				6DE14F342C56C72900708EAD /* SceneDelegate.swift */,
				6DE14F562C56CAE400708EAD /* ViewControllers */,
				6DE14F482C56CA0D00708EAD /* Repository */,
				6DE14F462C56C96A00708EAD /* view */,
				6DE14F382C56C72900708EAD /* Main.storyboard */,
				6DE14F3B2C56C72D00708EAD /* Assets.xcassets */,
				6DE14F3D2C56C72D00708EAD /* LaunchScreen.storyboard */,
				6DE14F402C56C72D00708EAD /* Info.plist */,
				6DE14F4F2C56CA7800708EAD /* Network */,
				6DE14F4B2C56CA4B00708EAD /* sources */,
			);
			path = "api passing";
			sourceTree = "<group>";
		};
		6DE14F462C56C96A00708EAD /* view */ = {
			isa = PBXGroup;
			children = (
			);
			path = view;
			sourceTree = "<group>";
		};
		6DE14F482C56CA0D00708EAD /* Repository */ = {
			isa = PBXGroup;
			children = (
				6DE14F492C56CA3800708EAD /* airportRepository.swift */,
			);
			path = Repository;
			sourceTree = "<group>";
		};
		6DE14F4B2C56CA4B00708EAD /* sources */ = {
			isa = PBXGroup;
			children = (
				6DE14F4C2C56CA5700708EAD /* Models */,
			);
			path = sources;
			sourceTree = "<group>";
		};
		6DE14F4C2C56CA5700708EAD /* Models */ = {
			isa = PBXGroup;
			children = (
				6DE14F4D2C56CA6600708EAD /* Airport.swift */,
			);
			path = Models;
			sourceTree = "<group>";
		};
		6DE14F4F2C56CA7800708EAD /* Network */ = {
			isa = PBXGroup;
			children = (
				6DE14F502C56CA8200708EAD /* Endpoints */,
				6DE14F542C56CABF00708EAD /* APIClient.swift */,
			);
			path = Network;
			sourceTree = "<group>";
		};
		6DE14F502C56CA8200708EAD /* Endpoints */ = {
			isa = PBXGroup;
			children = (
				6DE14F512C56CA9D00708EAD /* API endpoints.swift */,
			);
			path = Endpoints;
			sourceTree = "<group>";
		};
		6DE14F562C56CAE400708EAD /* ViewControllers */ = {
			isa = PBXGroup;
			children = (
				6DE14F572C56CDD900708EAD /* ViewController.swift */,
			);
			path = ViewControllers;
			sourceTree = "<group>";
		};
/* End PBXGroup section */

/* Begin PBXNativeTarget section */
		6DE14F2E2C56C72900708EAD /* api passing */ = {
			isa = PBXNativeTarget;
			buildConfigurationList = 6DE14F432C56C72D00708EAD /* Build configuration list for PBXNativeTarget "api passing" */;
			buildPhases = (
				6DE14F2B2C56C72900708EAD /* Sources */,
				6DE14F2C2C56C72900708EAD /* Frameworks */,
				6DE14F2D2C56C72900708EAD /* Resources */,
			);
			buildRules = (
			);
			dependencies = (
			);
			name = "api passing";
			productName = "api passing";
			productReference = 6DE14F2F2C56C72900708EAD /* api passing.app */;
			productType = "com.apple.product-type.application";
		};
/* End PBXNativeTarget section */

/* Begin PBXProject section */
		6DE14F272C56C72900708EAD /* Project object */ = {
			isa = PBXProject;
			attributes = {
				BuildIndependentTargetsInParallel = 1;
				LastSwiftUpdateCheck = 1340;
				LastUpgradeCheck = 1340;
				TargetAttributes = {
					6DE14F2E2C56C72900708EAD = {
						CreatedOnToolsVersion = 13.4.1;
					};
				};
			};
			buildConfigurationList = 6DE14F2A2C56C72900708EAD /* Build configuration list for PBXProject "api passing" */;
			compatibilityVersion = "Xcode 13.0";
			developmentRegion = en;
			hasScannedForEncodings = 0;
			knownRegions = (
				en,
				Base,
			);
			mainGroup = 6DE14F262C56C72900708EAD;
			productRefGroup = 6DE14F302C56C72900708EAD /* Products */;
			projectDirPath = "";
			projectRoot = "";
			targets = (
				6DE14F2E2C56C72900708EAD /* api passing */,
			);
		};
/* End PBXProject section */

/* Begin PBXResourcesBuildPhase section */
		6DE14F2D2C56C72900708EAD /* Resources */ = {
			isa = PBXResourcesBuildPhase;
			buildActionMask = 2147483647;
			files = (
				6DE14F3F2C56C72D00708EAD /* LaunchScreen.storyboard in Resources */,
				6DE14F3C2C56C72D00708EAD /* Assets.xcassets in Resources */,
				6DE14F3A2C56C72900708EAD /* Main.storyboard in Resources */,
			);
			runOnlyForDeploymentPostprocessing = 0;
		};
/* End PBXResourcesBuildPhase section */

/* Begin PBXSourcesBuildPhase section */
		6DE14F2B2C56C72900708EAD /* Sources */ = {
			isa = PBXSourcesBuildPhase;
			buildActionMask = 2147483647;
			files = (
				6DE14F522C56CA9D00708EAD /* API endpoints.swift in Sources */,
				6DE14F552C56CABF00708EAD /* APIClient.swift in Sources */,
				6DE14F332C56C72900708EAD /* AppDelegate.swift in Sources */,
				6DE14F4E2C56CA6600708EAD /* Airport.swift in Sources */,
				6DE14F582C56CDD900708EAD /* ViewController.swift in Sources */,
				6DE14F352C56C72900708EAD /* SceneDelegate.swift in Sources */,
				6DE14F4A2C56CA3800708EAD /* airportRepository.swift in Sources */,
			);
			runOnlyForDeploymentPostprocessing = 0;
		};
/* End PBXSourcesBuildPhase section */

/* Begin PBXVariantGroup section */
		6DE14F382C56C72900708EAD /* Main.storyboard */ = {
			isa = PBXVariantGroup;
			children = (
				6DE14F392C56C72900708EAD /* Base */,
			);
			name = Main.storyboard;
			sourceTree = "<group>";
		};
		6DE14F3D2C56C72D00708EAD /* LaunchScreen.storyboard */ = {
			isa = PBXVariantGroup;
			children = (
				6DE14F3E2C56C72D00708EAD /* Base */,
			);
			name = LaunchScreen.storyboard;
			sourceTree = "<group>";
		};
/* End PBXVariantGroup section */

/* Begin XCBuildConfiguration section */
		6DE14F412C56C72D00708EAD /* Debug */ = {
			isa = XCBuildConfiguration;
			buildSettings = {
				ALWAYS_SEARCH_USER_PATHS = NO;
				CLANG_ANALYZER_NONNULL = YES;
				CLANG_ANALYZER_NUMBER_OBJECT_CONVERSION = YES_AGGRESSIVE;
				CLANG_CXX_LANGUAGE_STANDARD = "gnu++17";
				CLANG_ENABLE_MODULES = YES;
				CLANG_ENABLE_OBJC_ARC = YES;
				CLANG_ENABLE_OBJC_WEAK = YES;
				CLANG_WARN_BLOCK_CAPTURE_AUTORELEASING = YES;
				CLANG_WARN_BOOL_CONVERSION = YES;
				CLANG_WARN_COMMA = YES;
				CLANG_WARN_CONSTANT_CONVERSION = YES;
				CLANG_WARN_DEPRECATED_OBJC_IMPLEMENTATIONS = YES;
				CLANG_WARN_DIRECT_OBJC_ISA_USAGE = YES_ERROR;
				CLANG_WARN_DOCUMENTATION_COMMENTS = YES;
				CLANG_WARN_EMPTY_BODY = YES;
				CLANG_WARN_ENUM_CONVERSION = YES;
				CLANG_WARN_INFINITE_RECURSION = YES;
				CLANG_WARN_INT_CONVERSION = YES;
				CLANG_WARN_NON_LITERAL_NULL_CONVERSION = YES;
				CLANG_WARN_OBJC_IMPLICIT_RETAIN_SELF = YES;
				CLANG_WARN_OBJC_LITERAL_CONVERSION = YES;
				CLANG_WARN_OBJC_ROOT_CLASS = YES_ERROR;
				CLANG_WARN_QUOTED_INCLUDE_IN_FRAMEWORK_HEADER = YES;
				CLANG_WARN_RANGE_LOOP_ANALYSIS = YES;
				CLANG_WARN_STRICT_PROTOTYPES = YES;
				CLANG_WARN_SUSPICIOUS_MOVE = YES;
				CLANG_WARN_UNGUARDED_AVAILABILITY = YES_AGGRESSIVE;
				CLANG_WARN_UNREACHABLE_CODE = YES;
				CLANG_WARN__DUPLICATE_METHOD_MATCH = YES;
				COPY_PHASE_STRIP = NO;
				DEBUG_INFORMATION_FORMAT = dwarf;
				ENABLE_STRICT_OBJC_MSGSEND = YES;
				ENABLE_TESTABILITY = YES;
				GCC_C_LANGUAGE_STANDARD = gnu11;
				GCC_DYNAMIC_NO_PIC = NO;
				GCC_NO_COMMON_BLOCKS = YES;
				GCC_OPTIMIZATION_LEVEL = 0;
				GCC_PREPROCESSOR_DEFINITIONS = (
					"DEBUG=1",
					"$(inherited)",
				);
				GCC_WARN_64_TO_32_BIT_CONVERSION = YES;
				GCC_WARN_ABOUT_RETURN_TYPE = YES_ERROR;
				GCC_WARN_UNDECLARED_SELECTOR = YES;
				GCC_WARN_UNINITIALIZED_AUTOS = YES_AGGRESSIVE;
				GCC_WARN_UNUSED_FUNCTION = YES;
				GCC_WARN_UNUSED_VARIABLE = YES;
				IPHONEOS_DEPLOYMENT_TARGET = 15.5;
				MTL_ENABLE_DEBUG_INFO = INCLUDE_SOURCE;
				MTL_FAST_MATH = YES;
				ONLY_ACTIVE_ARCH = YES;
				SDKROOT = iphoneos;
				SWIFT_ACTIVE_COMPILATION_CONDITIONS = DEBUG;
				SWIFT_OPTIMIZATION_LEVEL = "-Onone";
			};
			name = Debug;
		};
		6DE14F422C56C72D00708EAD /* Release */ = {
			isa = XCBuildConfiguration;
			buildSettings = {
				ALWAYS_SEARCH_USER_PATHS = NO;
				CLANG_ANALYZER_NONNULL = YES;
				CLANG_ANALYZER_NUMBER_OBJECT_CONVERSION = YES_AGGRESSIVE;
				CLANG_CXX_LANGUAGE_STANDARD = "gnu++17";
				CLANG_ENABLE_MODULES = YES;
				CLANG_ENABLE_OBJC_ARC = YES;
				CLANG_ENABLE_OBJC_WEAK = YES;
				CLANG_WARN_BLOCK_CAPTURE_AUTORELEASING = YES;
				CLANG_WARN_BOOL_CONVERSION = YES;
				CLANG_WARN_COMMA = YES;
				CLANG_WARN_CONSTANT_CONVERSION = YES;
				CLANG_WARN_DEPRECATED_OBJC_IMPLEMENTATIONS = YES;
				CLANG_WARN_DIRECT_OBJC_ISA_USAGE = YES_ERROR;
				CLANG_WARN_DOCUMENTATION_COMMENTS = YES;
				CLANG_WARN_EMPTY_BODY = YES;
				CLANG_WARN_ENUM_CONVERSION = YES;
				CLANG_WARN_INFINITE_RECURSION = YES;
				CLANG_WARN_INT_CONVERSION = YES;
				CLANG_WARN_NON_LITERAL_NULL_CONVERSION = YES;
				CLANG_WARN_OBJC_IMPLICIT_RETAIN_SELF = YES;
				CLANG_WARN_OBJC_LITERAL_CONVERSION = YES;
				CLANG_WARN_OBJC_ROOT_CLASS = YES_ERROR;
				CLANG_WARN_QUOTED_INCLUDE_IN_FRAMEWORK_HEADER = YES;
				CLANG_WARN_RANGE_LOOP_ANALYSIS = YES;
				CLANG_WARN_STRICT_PROTOTYPES = YES;
				CLANG_WARN_SUSPICIOUS_MOVE = YES;
				CLANG_WARN_UNGUARDED_AVAILABILITY = YES_AGGRESSIVE;
				CLANG_WARN_UNREACHABLE_CODE = YES;
				CLANG_WARN__DUPLICATE_METHOD_MATCH = YES;
				COPY_PHASE_STRIP = NO;
				DEBUG_INFORMATION_FORMAT = "dwarf-with-dsym";
				ENABLE_NS_ASSERTIONS = NO;
				ENABLE_STRICT_OBJC_MSGSEND = YES;
				GCC_C_LANGUAGE_STANDARD = gnu11;
				GCC_NO_COMMON_BLOCKS = YES;
				GCC_WARN_64_TO_32_BIT_CONVERSION = YES;
				GCC_WARN_ABOUT_RETURN_TYPE = YES_ERROR;
				GCC_WARN_UNDECLARED_SELECTOR = YES;
				GCC_WARN_UNINITIALIZED_AUTOS = YES_AGGRESSIVE;
				GCC_WARN_UNUSED_FUNCTION = YES;
				GCC_WARN_UNUSED_VARIABLE = YES;
				IPHONEOS_DEPLOYMENT_TARGET = 15.5;
				MTL_ENABLE_DEBUG_INFO = NO;
				MTL_FAST_MATH = YES;
				SDKROOT = iphoneos;
				SWIFT_COMPILATION_MODE = wholemodule;
				SWIFT_OPTIMIZATION_LEVEL = "-O";
				VALIDATE_PRODUCT = YES;
			};
			name = Release;
		};
		6DE14F442C56C72D00708EAD /* Debug */ = {
			isa = XCBuildConfiguration;
			buildSettings = {
				ASSETCATALOG_COMPILER_APPICON_NAME = AppIcon;
				ASSETCATALOG_COMPILER_GLOBAL_ACCENT_COLOR_NAME = AccentColor;
				CODE_SIGN_STYLE = Automatic;
				CURRENT_PROJECT_VERSION = 1;
				DEVELOPMENT_TEAM = 8NNR6KZWMR;
				GENERATE_INFOPLIST_FILE = YES;
				INFOPLIST_FILE = "api passing/Info.plist";
				INFOPLIST_KEY_UIApplicationSupportsIndirectInputEvents = YES;
				INFOPLIST_KEY_UILaunchStoryboardName = LaunchScreen;
				INFOPLIST_KEY_UIMainStoryboardFile = Main;
				INFOPLIST_KEY_UISupportedInterfaceOrientations_iPad = "UIInterfaceOrientationPortrait UIInterfaceOrientationPortraitUpsideDown UIInterfaceOrientationLandscapeLeft UIInterfaceOrientationLandscapeRight";
				INFOPLIST_KEY_UISupportedInterfaceOrientations_iPhone = "UIInterfaceOrientationPortrait UIInterfaceOrientationLandscapeLeft UIInterfaceOrientationLandscapeRight";
				LD_RUNPATH_SEARCH_PATHS = (
					"$(inherited)",
					"@executable_path/Frameworks",
				);
				MARKETING_VERSION = 1.0;
				PRODUCT_BUNDLE_IDENTIFIER = "cpp.api-passing";
				PRODUCT_NAME = "$(TARGET_NAME)";
				SWIFT_EMIT_LOC_STRINGS = YES;
				SWIFT_VERSION = 5.0;
				TARGETED_DEVICE_FAMILY = "1,2";
			};
			name = Debug;
		};
		6DE14F452C56C72D00708EAD /* Release */ = {
			isa = XCBuildConfiguration;
			buildSettings = {
				ASSETCATALOG_COMPILER_APPICON_NAME = AppIcon;
				ASSETCATALOG_COMPILER_GLOBAL_ACCENT_COLOR_NAME = AccentColor;
				CODE_SIGN_STYLE = Automatic;
				CURRENT_PROJECT_VERSION = 1;
				DEVELOPMENT_TEAM = 8NNR6KZWMR;
				GENERATE_INFOPLIST_FILE = YES;
				INFOPLIST_FILE = "api passing/Info.plist";
				INFOPLIST_KEY_UIApplicationSupportsIndirectInputEvents = YES;
				INFOPLIST_KEY_UILaunchStoryboardName = LaunchScreen;
				INFOPLIST_KEY_UIMainStoryboardFile = Main;
				INFOPLIST_KEY_UISupportedInterfaceOrientations_iPad = "UIInterfaceOrientationPortrait UIInterfaceOrientationPortraitUpsideDown UIInterfaceOrientationLandscapeLeft UIInterfaceOrientationLandscapeRight";
				INFOPLIST_KEY_UISupportedInterfaceOrientations_iPhone = "UIInterfaceOrientationPortrait UIInterfaceOrientationLandscapeLeft UIInterfaceOrientationLandscapeRight";
				LD_RUNPATH_SEARCH_PATHS = (
					"$(inherited)",
					"@executable_path/Frameworks",
				);
				MARKETING_VERSION = 1.0;
				PRODUCT_BUNDLE_IDENTIFIER = "cpp.api-passing";
				PRODUCT_NAME = "$(TARGET_NAME)";
				SWIFT_EMIT_LOC_STRINGS = YES;
				SWIFT_VERSION = 5.0;
				TARGETED_DEVICE_FAMILY = "1,2";
			};
			name = Release;
		};
/* End XCBuildConfiguration section */

/* Begin XCConfigurationList section */
		6DE14F2A2C56C72900708EAD /* Build configuration list for PBXProject "api passing" */ = {
			isa = XCConfigurationList;
			buildConfigurations = (
				6DE14F412C56C72D00708EAD /* Debug */,
				6DE14F422C56C72D00708EAD /* Release */,
			);
			defaultConfigurationIsVisible = 0;
			defaultConfigurationName = Release;
		};
		6DE14F432C56C72D00708EAD /* Build configuration list for PBXNativeTarget "api passing" */ = {
			isa = XCConfigurationList;
			buildConfigurations = (
				6DE14F442C56C72D00708EAD /* Debug */,
				6DE14F452C56C72D00708EAD /* Release */,
			);
			defaultConfigurationIsVisible = 0;
			defaultConfigurationName = Release;
		};
/* End XCConfigurationList section */
	};
	rootObject = 6DE14F272C56C72900708EAD /* Project object */;
}
